// !$*UTF8*$!
{
	archiveVersion = 1;
	classes = {
	};
	objectVersion = 46;
	objects = {

/* Begin PBXBuildFile section */
		D9F7588F1E9F607C00B69C3D /* main.m in Sources */ = {isa = PBXBuildFile; fileRef = D9F7588E1E9F607C00B69C3D /* main.m */; };
		D9F758921E9F607C00B69C3D /* AppDelegate.m in Sources */ = {isa = PBXBuildFile; fileRef = D9F758911E9F607C00B69C3D /* AppDelegate.m */; };
		D9F758951E9F607C00B69C3D /* ViewController.m in Sources */ = {isa = PBXBuildFile; fileRef = D9F758941E9F607C00B69C3D /* ViewController.m */; };
		D9F758981E9F607C00B69C3D /* Main.storyboard in Resources */ = {isa = PBXBuildFile; fileRef = D9F758961E9F607C00B69C3D /* Main.storyboard */; };
		D9F7589A1E9F607C00B69C3D /* Assets.xcassets in Resources */ = {isa = PBXBuildFile; fileRef = D9F758991E9F607C00B69C3D /* Assets.xcassets */; };
		D9F7589D1E9F607C00B69C3D /* LaunchScreen.storyboard in Resources */ = {isa = PBXBuildFile; fileRef = D9F7589B1E9F607C00B69C3D /* LaunchScreen.storyboard */; };
		D9F758A81E9F607D00B69C3D /* IndusTests.m in Sources */ = {isa = PBXBuildFile; fileRef = D9F758A71E9F607D00B69C3D /* IndusTests.m */; };
		D9F758B31E9F607E00B69C3D /* IndusUITests.m in Sources */ = {isa = PBXBuildFile; fileRef = D9F758B21E9F607E00B69C3D /* IndusUITests.m */; };
/* End PBXBuildFile section */

/* Begin PBXContainerItemProxy section */
		D9F758A41E9F607D00B69C3D /* PBXContainerItemProxy */ = {
			isa = PBXContainerItemProxy;
			containerPortal = D9F758821E9F607B00B69C3D /* Project object */;
			proxyType = 1;
			remoteGlobalIDString = D9F758891E9F607B00B69C3D;
			remoteInfo = Indus;
		};
		D9F758AF1E9F607D00B69C3D /* PBXContainerItemProxy */ = {
			isa = PBXContainerItemProxy;
			containerPortal = D9F758821E9F607B00B69C3D /* Project object */;
			proxyType = 1;
			remoteGlobalIDString = D9F758891E9F607B00B69C3D;
			remoteInfo = Indus;
		};
/* End PBXContainerItemProxy section */

/* Begin PBXFileReference section */
		D9F7588A1E9F607B00B69C3D /* Indus.app */ = {isa = PBXFileReference; explicitFileType = wrapper.application; includeInIndex = 0; path = Indus.app; sourceTree = BUILT_PRODUCTS_DIR; };
		D9F7588E1E9F607C00B69C3D /* main.m */ = {isa = PBXFileReference; lastKnownFileType = sourcecode.c.objc; path = main.m; sourceTree = "<group>"; };
		D9F758901E9F607C00B69C3D /* AppDelegate.h */ = {isa = PBXFileReference; lastKnownFileType = sourcecode.c.h; path = AppDelegate.h; sourceTree = "<group>"; };
		D9F758911E9F607C00B69C3D /* AppDelegate.m */ = {isa = PBXFileReference; lastKnownFileType = sourcecode.c.objc; path = AppDelegate.m; sourceTree = "<group>"; };
		D9F758931E9F607C00B69C3D /* ViewController.h */ = {isa = PBXFileReference; lastKnownFileType = sourcecode.c.h; path = ViewController.h; sourceTree = "<group>"; };
		D9F758941E9F607C00B69C3D /* ViewController.m */ = {isa = PBXFileReference; lastKnownFileType = sourcecode.c.objc; path = ViewController.m; sourceTree = "<group>"; };
		D9F758971E9F607C00B69C3D /* Base */ = {isa = PBXFileReference; lastKnownFileType = file.storyboard; name = Base; path = Base.lproj/Main.storyboard; sourceTree = "<group>"; };
		D9F758991E9F607C00B69C3D /* Assets.xcassets */ = {isa = PBXFileReference; lastKnownFileType = folder.assetcatalog; path = Assets.xcassets; sourceTree = "<group>"; };
		D9F7589C1E9F607C00B69C3D /* Base */ = {isa = PBXFileReference; lastKnownFileType = file.storyboard; name = Base; path = Base.lproj/LaunchScreen.storyboard; sourceTree = "<group>"; };
		D9F7589E1E9F607D00B69C3D /* Info.plist */ = {isa = PBXFileReference; lastKnownFileType = text.plist.xml; path = Info.plist; sourceTree = "<group>"; };
		D9F758A31E9F607D00B69C3D /* IndusTests.xctest */ = {isa = PBXFileReference; explicitFileType = wrapper.cfbundle; includeInIndex = 0; path = IndusTests.xctest; sourceTree = BUILT_PRODUCTS_DIR; };
		D9F758A71E9F607D00B69C3D /* IndusTests.m */ = {isa = PBXFileReference; lastKnownFileType = sourcecode.c.objc; path = IndusTests.m; sourceTree = "<group>"; };
		D9F758A91E9F607D00B69C3D /* Info.plist */ = {isa = PBXFileReference; lastKnownFileType = text.plist.xml; path = Info.plist; sourceTree = "<group>"; };
		D9F758AE1E9F607D00B69C3D /* IndusUITests.xctest */ = {isa = PBXFileReference; explicitFileType = wrapper.cfbundle; includeInIndex = 0; path = IndusUITests.xctest; sourceTree = BUILT_PRODUCTS_DIR; };
		D9F758B21E9F607E00B69C3D /* IndusUITests.m */ = {isa = PBXFileReference; lastKnownFileType = sourcecode.c.objc; path = IndusUITests.m; sourceTree = "<group>"; };
		D9F758B41E9F607E00B69C3D /* Info.plist */ = {isa = PBXFileReference; lastKnownFileType = text.plist.xml; path = Info.plist; sourceTree = "<group>"; };
/* End PBXFileReference section */

/* Begin PBXFrameworksBuildPhase section */
		D9F758871E9F607B00B69C3D /* Frameworks */ = {
			isa = PBXFrameworksBuildPhase;
			buildActionMask = 2147483647;
			files = (
			);
			runOnlyForDeploymentPostprocessing = 0;
		};
		D9F758A01E9F607D00B69C3D /* Frameworks */ = {
			isa = PBXFrameworksBuildPhase;
			buildActionMask = 2147483647;
			files = (
			);
			runOnlyForDeploymentPostprocessing = 0;
		};
		D9F758AB1E9F607D00B69C3D /* Frameworks */ = {
			isa = PBXFrameworksBuildPhase;
			buildActionMask = 2147483647;
			files = (
			);
			runOnlyForDeploymentPostprocessing = 0;
		};
/* End PBXFrameworksBuildPhase section */

/* Begin PBXGroup section */
		D9F758811E9F607B00B69C3D = {
			isa = PBXGroup;
			children = (
				D9F7588C1E9F607C00B69C3D /* Indus */,
				D9F758A61E9F607D00B69C3D /* IndusTests */,
				D9F758B11E9F607D00B69C3D /* IndusUITests */,
				D9F7588B1E9F607B00B69C3D /* Products */,
			);
			sourceTree = "<group>";
		};
		D9F7588B1E9F607B00B69C3D /* Products */ = {
			isa = PBXGroup;
			children = (
				D9F7588A1E9F607B00B69C3D /* Indus.app */,
				D9F758A31E9F607D00B69C3D /* IndusTests.xctest */,
				D9F758AE1E9F607D00B69C3D /* IndusUITests.xctest */,
			);
			name = Products;
			sourceTree = "<group>";
		};
		D9F7588C1E9F607C00B69C3D /* Indus */ = {
			isa = PBXGroup;
			children = (
				D9F758901E9F607C00B69C3D /* AppDelegate.h */,
				D9F758911E9F607C00B69C3D /* AppDelegate.m */,
				D9F758931E9F607C00B69C3D /* ViewController.h */,
				D9F758941E9F607C00B69C3D /* ViewController.m */,
				D9F758961E9F607C00B69C3D /* Main.storyboard */,
				D9F758991E9F607C00B69C3D /* Assets.xcassets */,
				D9F7589B1E9F607C00B69C3D /* LaunchScreen.storyboard */,
				D9F7589E1E9F607D00B69C3D /* Info.plist */,
				D9F7588D1E9F607C00B69C3D /* Supporting Files */,
			);
			path = Indus;
			sourceTree = "<group>";
		};
		D9F7588D1E9F607C00B69C3D /* Supporting Files */ = {
			isa = PBXGroup;
			children = (
				D9F7588E1E9F607C00B69C3D /* main.m */,
			);
			name = "Supporting Files";
			sourceTree = "<group>";
		};
		D9F758A61E9F607D00B69C3D /* IndusTests */ = {
			isa = PBXGroup;
			children = (
				D9F758A71E9F607D00B69C3D /* IndusTests.m */,
				D9F758A91E9F607D00B69C3D /* Info.plist */,
			);
			path = IndusTests;
			sourceTree = "<group>";
		};
		D9F758B11E9F607D00B69C3D /* IndusUITests */ = {
			isa = PBXGroup;
			children = (
				D9F758B21E9F607E00B69C3D /* IndusUITests.m */,
				D9F758B41E9F607E00B69C3D /* Info.plist */,
			);
			path = IndusUITests;
			sourceTree = "<group>";
		};
/* End PBXGroup section */

/* Begin PBXNativeTarget section */
		D9F758891E9F607B00B69C3D /* Indus */ = {
			isa = PBXNativeTarget;
			buildConfigurationList = D9F758B71E9F607E00B69C3D /* Build configuration list for PBXNativeTarget "Indus" */;
			buildPhases = (
				D9F758861E9F607B00B69C3D /* Sources */,
				D9F758871E9F607B00B69C3D /* Frameworks */,
				D9F758881E9F607B00B69C3D /* Resources */,
			);
			buildRules = (
			);
			dependencies = (
			);
			name = Indus;
			productName = Indus;
			productReference = D9F7588A1E9F607B00B69C3D /* Indus.app */;
			productType = "com.apple.product-type.application";
		};
		D9F758A21E9F607D00B69C3D /* IndusTests */ = {
			isa = PBXNativeTarget;
			buildConfigurationList = D9F758BA1E9F607E00B69C3D /* Build configuration list for PBXNativeTarget "IndusTests" */;
			buildPhases = (
				D9F7589F1E9F607D00B69C3D /* Sources */,
				D9F758A01E9F607D00B69C3D /* Frameworks */,
				D9F758A11E9F607D00B69C3D /* Resources */,
			);
			buildRules = (
			);
			dependencies = (
				D9F758A51E9F607D00B69C3D /* PBXTargetDependency */,
			);
			name = IndusTests;
			productName = IndusTests;
			productReference = D9F758A31E9F607D00B69C3D /* IndusTests.xctest */;
			productType = "com.apple.product-type.bundle.unit-test";
		};
		D9F758AD1E9F607D00B69C3D /* IndusUITests */ = {
			isa = PBXNativeTarget;
			buildConfigurationList = D9F758BD1E9F607E00B69C3D /* Build configuration list for PBXNativeTarget "IndusUITests" */;
			buildPhases = (
				D9F758AA1E9F607D00B69C3D /* Sources */,
				D9F758AB1E9F607D00B69C3D /* Frameworks */,
				D9F758AC1E9F607D00B69C3D /* Resources */,
			);
			buildRules = (
			);
			dependencies = (
				D9F758B01E9F607D00B69C3D /* PBXTargetDependency */,
			);
			name = IndusUITests;
			productName = IndusUITests;
			productReference = D9F758AE1E9F607D00B69C3D /* IndusUITests.xctest */;
			productType = "com.apple.product-type.bundle.ui-testing";
		};
/* End PBXNativeTarget section */

/* Begin PBXProject section */
		D9F758821E9F607B00B69C3D /* Project object */ = {
			isa = PBXProject;
			attributes = {
				LastUpgradeCheck = 0820;
				ORGANIZATIONNAME = bharat;
				TargetAttributes = {
					D9F758891E9F607B00B69C3D = {
						CreatedOnToolsVersion = 8.2;
						ProvisioningStyle = Manual;
					};
					D9F758A21E9F607D00B69C3D = {
						CreatedOnToolsVersion = 8.2;
						ProvisioningStyle = Automatic;
						TestTargetID = D9F758891E9F607B00B69C3D;
					};
					D9F758AD1E9F607D00B69C3D = {
						CreatedOnToolsVersion = 8.2;
						ProvisioningStyle = Automatic;
						TestTargetID = D9F758891E9F607B00B69C3D;
					};
				};
			};
			buildConfigurationList = D9F758851E9F607B00B69C3D /* Build configuration list for PBXProject "Indus" */;
			compatibilityVersion = "Xcode 3.2";
			developmentRegion = English;
			hasScannedForEncodings = 0;
			knownRegions = (
				en,
				Base,
			);
			mainGroup = D9F758811E9F607B00B69C3D;
			productRefGroup = D9F7588B1E9F607B00B69C3D /* Products */;
			projectDirPath = "";
			projectRoot = "";
			targets = (
				D9F758891E9F607B00B69C3D /* Indus */,
				D9F758A21E9F607D00B69C3D /* IndusTests */,
				D9F758AD1E9F607D00B69C3D /* IndusUITests */,
			);
		};
/* End PBXProject section */

/* Begin PBXResourcesBuildPhase section */
		D9F758881E9F607B00B69C3D /* Resources */ = {
			isa = PBXResourcesBuildPhase;
			buildActionMask = 2147483647;
			files = (
				D9F7589D1E9F607C00B69C3D /* LaunchScreen.storyboard in Resources */,
				D9F7589A1E9F607C00B69C3D /* Assets.xcassets in Resources */,
				D9F758981E9F607C00B69C3D /* Main.storyboard in Resources */,
			);
			runOnlyForDeploymentPostprocessing = 0;
		};
		D9F758A11E9F607D00B69C3D /* Resources */ = {
			isa = PBXResourcesBuildPhase;
			buildActionMask = 2147483647;
			files = (
			);
			runOnlyForDeploymentPostprocessing = 0;
		};
		D9F758AC1E9F607D00B69C3D /* Resources */ = {
			isa = PBXResourcesBuildPhase;
			buildActionMask = 2147483647;
			files = (
			);
			runOnlyForDeploymentPostprocessing = 0;
		};
/* End PBXResourcesBuildPhase section */

/* Begin PBXSourcesBuildPhase section */
		D9F758861E9F607B00B69C3D /* Sources */ = {
			isa = PBXSourcesBuildPhase;
			buildActionMask = 2147483647;
			files = (
				D9F758951E9F607C00B69C3D /* ViewController.m in Sources */,
				D9F758921E9F607C00B69C3D /* AppDelegate.m in Sources */,
				D9F7588F1E9F607C00B69C3D /* main.m in Sources */,
			);
			runOnlyForDeploymentPostprocessing = 0;
		};
		D9F7589F1E9F607D00B69C3D /* Sources */ = {
			isa = PBXSourcesBuildPhase;
			buildActionMask = 2147483647;
			files = (
				D9F758A81E9F607D00B69C3D /* IndusTests.m in Sources */,
			);
			runOnlyForDeploymentPostprocessing = 0;
		};
		D9F758AA1E9F607D00B69C3D /* Sources */ = {
			isa = PBXSourcesBuildPhase;
			buildActionMask = 2147483647;
			files = (
				D9F758B31E9F607E00B69C3D /* IndusUITests.m in Sources */,
			);
			runOnlyForDeploymentPostprocessing = 0;
		};
/* End PBXSourcesBuildPhase section */

/* Begin PBXTargetDependency section */
		D9F758A51E9F607D00B69C3D /* PBXTargetDependency */ = {
			isa = PBXTargetDependency;
			target = D9F758891E9F607B00B69C3D /* Indus */;
			targetProxy = D9F758A41E9F607D00B69C3D /* PBXContainerItemProxy */;
		};
		D9F758B01E9F607D00B69C3D /* PBXTargetDependency */ = {
			isa = PBXTargetDependency;
			target = D9F758891E9F607B00B69C3D /* Indus */;
			targetProxy = D9F758AF1E9F607D00B69C3D /* PBXContainerItemProxy */;
		};
/* End PBXTargetDependency section */

/* Begin PBXVariantGroup section */
		D9F758961E9F607C00B69C3D /* Main.storyboard */ = {
			isa = PBXVariantGroup;
			children = (
				D9F758971E9F607C00B69C3D /* Base */,
			);
			name = Main.storyboard;
			sourceTree = "<group>";
		};
		D9F7589B1E9F607C00B69C3D /* LaunchScreen.storyboard */ = {
			isa = PBXVariantGroup;
			children = (
				D9F7589C1E9F607C00B69C3D /* Base */,
			);
			name = LaunchScreen.storyboard;
			sourceTree = "<group>";
		};
/* End PBXVariantGroup section */

/* Begin XCBuildConfiguration section */
		D9F758B51E9F607E00B69C3D /* Debug */ = {
			isa = XCBuildConfiguration;
			buildSettings = {
				ALWAYS_SEARCH_USER_PATHS = NO;
				CLANG_ANALYZER_NONNULL = YES;
				CLANG_CXX_LANGUAGE_STANDARD = "gnu++0x";
				CLANG_CXX_LIBRARY = "libc++";
				CLANG_ENABLE_MODULES = YES;
				CLANG_ENABLE_OBJC_ARC = YES;
				CLANG_WARN_BOOL_CONVERSION = YES;
				CLANG_WARN_CONSTANT_CONVERSION = YES;
				CLANG_WARN_DIRECT_OBJC_ISA_USAGE = YES_ERROR;
				CLANG_WARN_DOCUMENTATION_COMMENTS = YES;
				CLANG_WARN_EMPTY_BODY = YES;
				CLANG_WARN_ENUM_CONVERSION = YES;
				CLANG_WARN_INFINITE_RECURSION = YES;
				CLANG_WARN_INT_CONVERSION = YES;
				CLANG_WARN_OBJC_ROOT_CLASS = YES_ERROR;
				CLANG_WARN_SUSPICIOUS_MOVE = YES;
				CLANG_WARN_UNREACHABLE_CODE = YES;
				CLANG_WARN__DUPLICATE_METHOD_MATCH = YES;
				"CODE_SIGN_IDENTITY[sdk=iphoneos*]" = "iPhone Developer";
				COPY_PHASE_STRIP = NO;
				DEBUG_INFORMATION_FORMAT = dwarf;
				ENABLE_STRICT_OBJC_MSGSEND = YES;
				ENABLE_TESTABILITY = YES;
				GCC_C_LANGUAGE_STANDARD = gnu99;
				GCC_DYNAMIC_NO_PIC = NO;
				GCC_NO_COMMON_BLOCKS = YES;
				GCC_OPTIMIZATION_LEVEL = 0;
				GCC_PREPROCESSOR_DEFINITIONS = (
					"DEBUG=1",
					"$(inherited)",
				);
				GCC_WARN_64_TO_32_BIT_CONVERSION = YES;
				GCC_WARN_ABOUT_RETURN_TYPE = YES_ERROR;
				GCC_WARN_UNDECLARED_SELECTOR = YES;
				GCC_WARN_UNINITIALIZED_AUTOS = YES_AGGRESSIVE;
				GCC_WARN_UNUSED_FUNCTION = YES;
				GCC_WARN_UNUSED_VARIABLE = YES;
				IPHONEOS_DEPLOYMENT_TARGET = 10.2;
				MTL_ENABLE_DEBUG_INFO = YES;
				ONLY_ACTIVE_ARCH = YES;
				SDKROOT = iphoneos;
				TARGETED_DEVICE_FAMILY = "1,2";
			};
			name = Debug;
		};
		D9F758B61E9F607E00B69C3D /* Release */ = {
			isa = XCBuildConfiguration;
			buildSettings = {
				ALWAYS_SEARCH_USER_PATHS = NO;
				CLANG_ANALYZER_NONNULL = YES;
				CLANG_CXX_LANGUAGE_STANDARD = "gnu++0x";
				CLANG_CXX_LIBRARY = "libc++";
				CLANG_ENABLE_MODULES = YES;
				CLANG_ENABLE_OBJC_ARC = YES;
				CLANG_WARN_BOOL_CONVERSION = YES;
				CLANG_WARN_CONSTANT_CONVERSION = YES;
				CLANG_WARN_DIRECT_OBJC_ISA_USAGE = YES_ERROR;
				CLANG_WARN_DOCUMENTATION_COMMENTS = YES;
				CLANG_WARN_EMPTY_BODY = YES;
				CLANG_WARN_ENUM_CONVERSION = YES;
				CLANG_WARN_INFINITE_RECURSION = YES;
				CLANG_WARN_INT_CONVERSION = YES;
				CLANG_WARN_OBJC_ROOT_CLASS = YES_ERROR;
				CLANG_WARN_SUSPICIOUS_MOVE = YES;
				CLANG_WARN_UNREACHABLE_CODE = YES;
				CLANG_WARN__DUPLICATE_METHOD_MATCH = YES;
				"CODE_SIGN_IDENTITY[sdk=iphoneos*]" = "iPhone Developer";
				COPY_PHASE_STRIP = NO;
				DEBUG_INFORMATION_FORMAT = "dwarf-with-dsym";
				ENABLE_NS_ASSERTIONS = NO;
				ENABLE_STRICT_OBJC_MSGSEND = YES;
				GCC_C_LANGUAGE_STANDARD = gnu99;
				GCC_NO_COMMON_BLOCKS = YES;
				GCC_WARN_64_TO_32_BIT_CONVERSION = YES;
				GCC_WARN_ABOUT_RETURN_TYPE = YES_ERROR;
				GCC_WARN_UNDECLARED_SELECTOR = YES;
				GCC_WARN_UNINITIALIZED_AUTOS = YES_AGGRESSIVE;
				GCC_WARN_UNUSED_FUNCTION = YES;
				GCC_WARN_UNUSED_VARIABLE = YES;
				IPHONEOS_DEPLOYMENT_TARGET = 10.2;
				MTL_ENABLE_DEBUG_INFO = NO;
				SDKROOT = iphoneos;
				TARGETED_DEVICE_FAMILY = "1,2";
				VALIDATE_PRODUCT = YES;
			};
			name = Release;
		};
		D9F758B81E9F607E00B69C3D /* Debug */ = {
			isa = XCBuildConfiguration;
			buildSettings = {
				ASSETCATALOG_COMPILER_APPICON_NAME = AppIcon;
				DEVELOPMENT_TEAM = "";
				INFOPLIST_FILE = Indus/Info.plist;
				LD_RUNPATH_SEARCH_PATHS = "$(inherited) @executable_path/Frameworks";
				PRODUCT_BUNDLE_IDENTIFIER = com.Think360.Indus;
				PRODUCT_NAME = "$(TARGET_NAME)";
			};
			name = Debug;
		};
		D9F758B91E9F607E00B69C3D /* Release */ = {
			isa = XCBuildConfiguration;
			buildSettings = {
				ASSETCATALOG_COMPILER_APPICON_NAME = AppIcon;
				DEVELOPMENT_TEAM = "";
				INFOPLIST_FILE = Indus/Info.plist;
				LD_RUNPATH_SEARCH_PATHS = "$(inherited) @executable_path/Frameworks";
				PRODUCT_BUNDLE_IDENTIFIER = com.Think360.Indus;
				PRODUCT_NAME = "$(TARGET_NAME)";
			};
			name = Release;
		};
		D9F758BB1E9F607E00B69C3D /* Debug */ = {
			isa = XCBuildConfiguration;
			buildSettings = {
				BUNDLE_LOADER = "$(TEST_HOST)";
				INFOPLIST_FILE = IndusTests/Info.plist;
				LD_RUNPATH_SEARCH_PATHS = "$(inherited) @executable_path/Frameworks @loader_path/Frameworks";
				PRODUCT_BUNDLE_IDENTIFIER = com.Think360.IndusTests;
				PRODUCT_NAME = "$(TARGET_NAME)";
				TEST_HOST = "$(BUILT_PRODUCTS_DIR)/Indus.app/Indus";
			};
			name = Debug;
		};
		D9F758BC1E9F607E00B69C3D /* Release */ = {
			isa = XCBuildConfiguration;
			buildSettings = {
				BUNDLE_LOADER = "$(TEST_HOST)";
				INFOPLIST_FILE = IndusTests/Info.plist;
				LD_RUNPATH_SEARCH_PATHS = "$(inherited) @executable_path/Frameworks @loader_path/Frameworks";
				PRODUCT_BUNDLE_IDENTIFIER = com.Think360.IndusTests;
				PRODUCT_NAME = "$(TARGET_NAME)";
				TEST_HOST = "$(BUILT_PRODUCTS_DIR)/Indus.app/Indus";
			};
			name = Release;
		};
		D9F758BE1E9F607E00B69C3D /* Debug */ = {
			isa = XCBuildConfiguration;
			buildSettings = {
				INFOPLIST_FILE = IndusUITests/Info.plist;
				LD_RUNPATH_SEARCH_PATHS = "$(inherited) @executable_path/Frameworks @loader_path/Frameworks";
				PRODUCT_BUNDLE_IDENTIFIER = com.Think360.IndusUITests;
				PRODUCT_NAME = "$(TARGET_NAME)";
				TEST_TARGET_NAME = Indus;
			};
			name = Debug;
		};
		D9F758BF1E9F607E00B69C3D /* Release */ = {
			isa = XCBuildConfiguration;
			buildSettings = {
				INFOPLIST_FILE = IndusUITests/Info.plist;
				LD_RUNPATH_SEARCH_PATHS = "$(inherited) @executable_path/Frameworks @loader_path/Frameworks";
				PRODUCT_BUNDLE_IDENTIFIER = com.Think360.IndusUITests;
				PRODUCT_NAME = "$(TARGET_NAME)";
				TEST_TARGET_NAME = Indus;
			};
			name = Release;
		};
/* End XCBuildConfiguration section */

/* Begin XCConfigurationList section */
		D9F758851E9F607B00B69C3D /* Build configuration list for PBXProject "Indus" */ = {
			isa = XCConfigurationList;
			buildConfigurations = (
				D9F758B51E9F607E00B69C3D /* Debug */,
				D9F758B61E9F607E00B69C3D /* Release */,
			);
			defaultConfigurationIsVisible = 0;
			defaultConfigurationName = Release;
		};
		D9F758B71E9F607E00B69C3D /* Build configuration list for PBXNativeTarget "Indus" */ = {
			isa = XCConfigurationList;
			buildConfigurations = (
				D9F758B81E9F607E00B69C3D /* Debug */,
				D9F758B91E9F607E00B69C3D /* Release */,
			);
			defaultConfigurationIsVisible = 0;
		};
		D9F758BA1E9F607E00B69C3D /* Build configuration list for PBXNativeTarget "IndusTests" */ = {
			isa = XCConfigurationList;
			buildConfigurations = (
				D9F758BB1E9F607E00B69C3D /* Debug */,
				D9F758BC1E9F607E00B69C3D /* Release */,
			);
			defaultConfigurationIsVisible = 0;
		};
		D9F758BD1E9F607E00B69C3D /* Build configuration list for PBXNativeTarget "IndusUITests" */ = {
			isa = XCConfigurationList;
			buildConfigurations = (
				D9F758BE1E9F607E00B69C3D /* Debug */,
				D9F758BF1E9F607E00B69C3D /* Release */,
			);
			defaultConfigurationIsVisible = 0;
		};
/* End XCConfigurationList section */
	};
	rootObject = D9F758821E9F607B00B69C3D /* Project object */;
}
